# THIS IS AN AUTOGENERATED FILE. DO NOT EDIT THIS FILE DIRECTLY.
# yarn lockfile v1


react-login-modal@^1.2.1:
  version "1.2.1"
  resolved "https://registry.yarnpkg.com/react-login-modal/-/react-login-modal-1.2.1.tgz#97f15540f57a69b75e85d764188954dafb8b2bab"
  integrity sha512-SZF6r5uklytFYGvvXnxF2dbGgbaP5OcAyIQKAhzLCkER6G8du/ROb35eEuopna8/ZgryfKauStDMOxmtv2jPSQ==
